<?xml version="1.0" encoding="UTF-8" standalone="yes" ?>
<CodeBlocks_project_file>
	<FileVersion major="1" minor="6" />
	<Project>
		<Option title="T5" />
		<Option makefile_is_custom="1" />
		<Option execution_dir="/home/brenda/ELC1067/T5" />
		<Option pch_mode="2" />
		<Option compiler="gcc" />
		<Build>
			<Target title="Debug">
				<Option output="../editor" prefix_auto="1" extension_auto="1" />
				<Option working_dir="../../T5" />
				<Option object_output="obj/Debug/" />
				<Option type="1" />
				<Option compiler="gcc" />
				<Compiler>
					<Add option="-g" />
				</Compiler>
				<MakeCommands>
					<Build command="$make -f $makefile" />
					<CompileFile command="$make -f $makefile $file" />
					<Clean command="$make -f $makefile clean" />
					<DistClean command="$make -f $makefile distclean$target" />
					<AskRebuildNeeded command="$make -q -f $makefile" />
					<SilentBuild command="$make -f $makefile &gt; $(CMD_NULL)" />
				</MakeCommands>
			</Target>
			<Target title="Release">
				<Option output="bin/Release/T5" prefix_auto="1" extension_auto="1" />
				<Option object_output="obj/Release/" />
				<Option type="1" />
				<Option compiler="gcc" />
				<Compiler>
					<Add option="-O2" />
				</Compiler>
				<Linker>
					<Add option="-s" />
				</Linker>
			</Target>
		</Build>
		<Compiler>
			<Add option="-Wextra" />
			<Add option="-Wall" />
			<Add option="-g" />
		</Compiler>
		<Linker>
			<Add library="-lm -lallegro -lallegro_main    -lallegro_color -lallegro_font -lallegro_primitives -lallegro_image" />
		</Linker>
		<Unit filename="../Makefile">
			<Option target="Release" />
		</Unit>
		<Unit filename="../geom.c">
			<Option compilerVar="CC" />
		</Unit>
		<Unit filename="../geom.h" />
		<Unit filename="../lista.c">
			<Option compilerVar="CC" />
		</Unit>
		<Unit filename="../lista.h" />
		<Unit filename="../memo.c">
			<Option compilerVar="CC" />
		</Unit>
		<Unit filename="../memo.h" />
		<Unit filename="../principal.c">
			<Option compilerVar="CC" />
		</Unit>
		<Unit filename="../tela.c">
			<Option compilerVar="CC" />
		</Unit>
		<Unit filename="../tela.h" />
		<Unit filename="../texto.c">
			<Option compilerVar="CC" />
		</Unit>
		<Unit filename="../texto.h" />
		<Extensions>
			<code_completion />
			<debugger />
		</Extensions>
	</Project>
</CodeBlocks_project_file>
